
Microsoft Visual Studio Solution File, Format Version 12.00
# Visual Studio Version 17
VisualStudioVersion = 17.7.34003.232
MinimumVisualStudioVersion = 10.0.40219.1
Project("{2150E333-8FDC-42A3-9474-1A3956D46DE8}") = "src", "src", "{C1D2F0F2-F268-4F74-8C5C-A3513D41D791}"
EndProject
Project("{2150E333-8FDC-42A3-9474-1A3956D46DE8}") = "WebAPI", "WebAPI", "{36472C39-7CE7-4DBF-B7C6-9D883BCDA36F}"
EndProject
Project("{2150E333-8FDC-42A3-9474-1A3956D46DE8}") = "Core", "Core", "{1A5BFB6B-949D-4411-9A4F-0BC0271365B5}"
EndProject
Project("{2150E333-8FDC-42A3-9474-1A3956D46DE8}") = "Infrastructure", "Infrastructure", "{EDE43778-D749-4CEC-B47E-6AA1DB87890C}"
EndProject
Global
	GlobalSection(SolutionProperties) = preSolution
		HideSolutionNode = FALSE
	EndGlobalSection
	GlobalSection(NestedProjects) = preSolution
		{36472C39-7CE7-4DBF-B7C6-9D883BCDA36F} = {C1D2F0F2-F268-4F74-8C5C-A3513D41D791}
		{1A5BFB6B-949D-4411-9A4F-0BC0271365B5} = {C1D2F0F2-F268-4F74-8C5C-A3513D41D791}
		{EDE43778-D749-4CEC-B47E-6AA1DB87890C} = {C1D2F0F2-F268-4F74-8C5C-A3513D41D791}
	EndGlobalSection
	GlobalSection(ExtensibilityGlobals) = postSolution
		SolutionGuid = {8ED12181-6777-4EA3-9FEB-F331B856A347}
	EndGlobalSection
EndGlobal
